
Microsoft Visual Studio Solution File, Format Version 12.00
# Visual Studio 15
VisualStudioVersion = 15.0.28010.2026
MinimumVisualStudioVersion = 10.0.40219.1
Project("{FAE04EC0-301F-11D3-BF4B-00C04F79EFBC}") = "ADBTeam17_DB4O", "ADBTeam17_DB4O\ADBTeam17_DB4O.csproj", "{63F96809-73A9-46B0-93AB-4392BD9FFC78}"
EndProject
Global
	GlobalSection(SolutionConfigurationPlatforms) = preSolution
		Debug|Any CPU = Debug|Any CPU
		Release|Any CPU = Release|Any CPU
	EndGlobalSection
	GlobalSection(ProjectConfigurationPlatforms) = postSolution
		{63F96809-73A9-46B0-93AB-4392BD9FFC78}.Debug|Any CPU.ActiveCfg = Debug|Any CPU
		{63F96809-73A9-46B0-93AB-4392BD9FFC78}.Debug|Any CPU.Build.0 = Debug|Any CPU
		{63F96809-73A9-46B0-93AB-4392BD9FFC78}.Release|Any CPU.ActiveCfg = Release|Any CPU
		{63F96809-73A9-46B0-93AB-4392BD9FFC78}.Release|Any CPU.Build.0 = Release|Any CPU
	EndGlobalSection
	GlobalSection(SolutionProperties) = preSolution
		HideSolutionNode = FALSE
	EndGlobalSection
	GlobalSection(ExtensibilityGlobals) = postSolution
		SolutionGuid = {0C11939B-60F5-4373-BB57-697E12226F04}
	EndGlobalSection
EndGlobal
